
Microsoft Visual Studio Solution File, Format Version 12.00
# Visual Studio Version 17
VisualStudioVersion = 17.12.35527.113
MinimumVisualStudioVersion = 10.0.40219.1
Project("{FAE04EC0-301F-11D3-BF4B-00C04F79EFBC}") = "LinkshellManagerDiscordApp", "LinkshellManagerDiscordApp.csproj", "{41BC902F-E363-4553-A266-D7DCC9F51CB6}"
EndProject
Project("{FAE04EC0-301F-11D3-BF4B-00C04F79EFBC}") = "DbWipe", "DbWipe\DbWipe.csproj", "{4666E9BE-1BC5-4E66-96D5-921A4967AE34}"
EndProject
Project("{2150E333-8FDC-42A3-9474-1A3956D46DE8}") = "tools", "tools", "{07C2787E-EAC7-C090-1BA3-A61EC2A24D84}"
EndProject
Project("{FAE04EC0-301F-11D3-BF4B-00C04F79EFBC}") = "DbInspector", "tools\DbInspector\DbInspector.csproj", "{0ACE3BF7-9B77-4761-AC08-8E4BAF2171C0}"
EndProject
Global
	GlobalSection(SolutionConfigurationPlatforms) = preSolution
		Debug|Any CPU = Debug|Any CPU
		Debug|x64 = Debug|x64
		Debug|x86 = Debug|x86
		Release|Any CPU = Release|Any CPU
		Release|x64 = Release|x64
		Release|x86 = Release|x86
	EndGlobalSection
	GlobalSection(ProjectConfigurationPlatforms) = postSolution
		{41BC902F-E363-4553-A266-D7DCC9F51CB6}.Debug|Any CPU.ActiveCfg = Debug|Any CPU
		{41BC902F-E363-4553-A266-D7DCC9F51CB6}.Debug|Any CPU.Build.0 = Debug|Any CPU
		{41BC902F-E363-4553-A266-D7DCC9F51CB6}.Debug|x64.ActiveCfg = Debug|Any CPU
		{41BC902F-E363-4553-A266-D7DCC9F51CB6}.Debug|x64.Build.0 = Debug|Any CPU
		{41BC902F-E363-4553-A266-D7DCC9F51CB6}.Debug|x86.ActiveCfg = Debug|Any CPU
		{41BC902F-E363-4553-A266-D7DCC9F51CB6}.Debug|x86.Build.0 = Debug|Any CPU
		{41BC902F-E363-4553-A266-D7DCC9F51CB6}.Release|Any CPU.ActiveCfg = Release|Any CPU
		{41BC902F-E363-4553-A266-D7DCC9F51CB6}.Release|Any CPU.Build.0 = Release|Any CPU
		{41BC902F-E363-4553-A266-D7DCC9F51CB6}.Release|x64.ActiveCfg = Release|Any CPU
		{41BC902F-E363-4553-A266-D7DCC9F51CB6}.Release|x64.Build.0 = Release|Any CPU
		{41BC902F-E363-4553-A266-D7DCC9F51CB6}.Release|x86.ActiveCfg = Release|Any CPU
		{41BC902F-E363-4553-A266-D7DCC9F51CB6}.Release|x86.Build.0 = Release|Any CPU
		{4666E9BE-1BC5-4E66-96D5-921A4967AE34}.Debug|Any CPU.ActiveCfg = Debug|Any CPU
		{4666E9BE-1BC5-4E66-96D5-921A4967AE34}.Debug|Any CPU.Build.0 = Debug|Any CPU
		{4666E9BE-1BC5-4E66-96D5-921A4967AE34}.Debug|x64.ActiveCfg = Debug|Any CPU
		{4666E9BE-1BC5-4E66-96D5-921A4967AE34}.Debug|x64.Build.0 = Debug|Any CPU
		{4666E9BE-1BC5-4E66-96D5-921A4967AE34}.Debug|x86.ActiveCfg = Debug|Any CPU
		{4666E9BE-1BC5-4E66-96D5-921A4967AE34}.Debug|x86.Build.0 = Debug|Any CPU
		{4666E9BE-1BC5-4E66-96D5-921A4967AE34}.Release|Any CPU.ActiveCfg = Release|Any CPU
		{4666E9BE-1BC5-4E66-96D5-921A4967AE34}.Release|Any CPU.Build.0 = Release|Any CPU
		{4666E9BE-1BC5-4E66-96D5-921A4967AE34}.Release|x64.ActiveCfg = Release|Any CPU
		{4666E9BE-1BC5-4E66-96D5-921A4967AE34}.Release|x64.Build.0 = Release|Any CPU
		{4666E9BE-1BC5-4E66-96D5-921A4967AE34}.Release|x86.ActiveCfg = Release|Any CPU
		{4666E9BE-1BC5-4E66-96D5-921A4967AE34}.Release|x86.Build.0 = Release|Any CPU
		{0ACE3BF7-9B77-4761-AC08-8E4BAF2171C0}.Debug|Any CPU.ActiveCfg = Debug|Any CPU
		{0ACE3BF7-9B77-4761-AC08-8E4BAF2171C0}.Debug|Any CPU.Build.0 = Debug|Any CPU
		{0ACE3BF7-9B77-4761-AC08-8E4BAF2171C0}.Debug|x64.ActiveCfg = Debug|Any CPU
		{0ACE3BF7-9B77-4761-AC08-8E4BAF2171C0}.Debug|x64.Build.0 = Debug|Any CPU
		{0ACE3BF7-9B77-4761-AC08-8E4BAF2171C0}.Debug|x86.ActiveCfg = Debug|Any CPU
		{0ACE3BF7-9B77-4761-AC08-8E4BAF2171C0}.Debug|x86.Build.0 = Debug|Any CPU
		{0ACE3BF7-9B77-4761-AC08-8E4BAF2171C0}.Release|Any CPU.ActiveCfg = Release|Any CPU
		{0ACE3BF7-9B77-4761-AC08-8E4BAF2171C0}.Release|Any CPU.Build.0 = Release|Any CPU
		{0ACE3BF7-9B77-4761-AC08-8E4BAF2171C0}.Release|x64.ActiveCfg = Release|Any CPU
		{0ACE3BF7-9B77-4761-AC08-8E4BAF2171C0}.Release|x64.Build.0 = Release|Any CPU
		{0ACE3BF7-9B77-4761-AC08-8E4BAF2171C0}.Release|x86.ActiveCfg = Release|Any CPU
		{0ACE3BF7-9B77-4761-AC08-8E4BAF2171C0}.Release|x86.Build.0 = Release|Any CPU
	EndGlobalSection
	GlobalSection(SolutionProperties) = preSolution
		HideSolutionNode = FALSE
	EndGlobalSection
	GlobalSection(NestedProjects) = preSolution
		{0ACE3BF7-9B77-4761-AC08-8E4BAF2171C0} = {07C2787E-EAC7-C090-1BA3-A61EC2A24D84}
	EndGlobalSection
EndGlobal
